
Microsoft Visual Studio Solution File, Format Version 12.00
# Visual Studio Version 16
VisualStudioVersion = 25.0.1700.6
MinimumVisualStudioVersion = 10.0.40219.1
Project("{2150E333-8FDC-42A3-9474-1A3956D46DE8}") = "Services", "Services", "{31BA9756-C657-45E4-AD7A-361FB90F3EB4}"
EndProject
Project("{2150E333-8FDC-42A3-9474-1A3956D46DE8}") = "001-Catalog", "001-Catalog", "{A0164B80-FE10-4CB1-95F1-3E2B38E580E6}"
EndProject
Project("{FAE04EC0-301F-11D3-BF4B-00C04F79EFBC}") = "Catalog.Api", "Services\Catalog\Catalog.Api\Catalog.Api.csproj", "{EF60D7E7-EE33-467B-83EC-83D119F23AF2}"
EndProject
Project("{2150E333-8FDC-42A3-9474-1A3956D46DE8}") = "004-Endpoints", "004-Endpoints", "{1C2FD631-3D80-46A0-B10D-FB962041ACC7}"
EndProject
Project("{2150E333-8FDC-42A3-9474-1A3956D46DE8}") = "001-Core", "001-Core", "{0AC0C9C4-D844-4521-9289-29651FD0F2BF}"
EndProject
Project("{2150E333-8FDC-42A3-9474-1A3956D46DE8}") = "003-Services", "003-Services", "{0849CED3-0E57-4C9E-BEDE-1A9336AEAEF4}"
EndProject
Project("{2150E333-8FDC-42A3-9474-1A3956D46DE8}") = "002-Infrastructurs", "002-Infrastructurs", "{02B485AE-D5DF-4CEB-BAF2-5ED437748FE8}"
EndProject
Project("{FAE04EC0-301F-11D3-BF4B-00C04F79EFBC}") = "Catalog.Domains", "Services\Catalog\Catalog.Domains\Catalog.Domains.csproj", "{65E49CE3-27A6-4E9A-AA3B-783557117956}"
EndProject
Project("{FAE04EC0-301F-11D3-BF4B-00C04F79EFBC}") = "Catalog.DataAccessLayers", "Services\Catalog\Catalog.DataAccessLayers\Catalog.DataAccessLayers.csproj", "{471699E7-DF5D-4A40-BF04-F108EC965216}"
EndProject
Project("{FAE04EC0-301F-11D3-BF4B-00C04F79EFBC}") = "Catalog.Repositories", "Services\Catalog\Catalog.Repositories\Catalog.Repositories.csproj", "{BE12C7A8-4879-4817-90DA-15F6792E2520}"
EndProject
Project("{FAE04EC0-301F-11D3-BF4B-00C04F79EFBC}") = "Catalog.Services", "Services\Catalog\Catalog.Services\Catalog.Services.csproj", "{5E1B684F-991F-4D97-B57C-48603612A842}"
EndProject
Project("{2150E333-8FDC-42A3-9474-1A3956D46DE8}") = "000-Frameworks", "000-Frameworks", "{335EE4B2-C563-4068-8255-3F88FA45F2E5}"
EndProject
Project("{FAE04EC0-301F-11D3-BF4B-00C04F79EFBC}") = "aspnetrun-microservice.Frameworks", "Services\Frameworks\aspnetrun-microservice.Frameworks\aspnetrun-microservice.Frameworks.csproj", "{9C0C819D-A350-4157-BDE5-83CEB2B7FF39}"
EndProject
Global
	GlobalSection(SolutionConfigurationPlatforms) = preSolution
		Debug|Any CPU = Debug|Any CPU
		Release|Any CPU = Release|Any CPU
	EndGlobalSection
	GlobalSection(ProjectConfigurationPlatforms) = postSolution
		{EF60D7E7-EE33-467B-83EC-83D119F23AF2}.Debug|Any CPU.ActiveCfg = Debug|Any CPU
		{EF60D7E7-EE33-467B-83EC-83D119F23AF2}.Debug|Any CPU.Build.0 = Debug|Any CPU
		{EF60D7E7-EE33-467B-83EC-83D119F23AF2}.Release|Any CPU.ActiveCfg = Release|Any CPU
		{EF60D7E7-EE33-467B-83EC-83D119F23AF2}.Release|Any CPU.Build.0 = Release|Any CPU
		{65E49CE3-27A6-4E9A-AA3B-783557117956}.Debug|Any CPU.ActiveCfg = Debug|Any CPU
		{65E49CE3-27A6-4E9A-AA3B-783557117956}.Debug|Any CPU.Build.0 = Debug|Any CPU
		{65E49CE3-27A6-4E9A-AA3B-783557117956}.Release|Any CPU.ActiveCfg = Release|Any CPU
		{65E49CE3-27A6-4E9A-AA3B-783557117956}.Release|Any CPU.Build.0 = Release|Any CPU
		{471699E7-DF5D-4A40-BF04-F108EC965216}.Debug|Any CPU.ActiveCfg = Debug|Any CPU
		{471699E7-DF5D-4A40-BF04-F108EC965216}.Debug|Any CPU.Build.0 = Debug|Any CPU
		{471699E7-DF5D-4A40-BF04-F108EC965216}.Release|Any CPU.ActiveCfg = Release|Any CPU
		{471699E7-DF5D-4A40-BF04-F108EC965216}.Release|Any CPU.Build.0 = Release|Any CPU
		{BE12C7A8-4879-4817-90DA-15F6792E2520}.Debug|Any CPU.ActiveCfg = Debug|Any CPU
		{BE12C7A8-4879-4817-90DA-15F6792E2520}.Debug|Any CPU.Build.0 = Debug|Any CPU
		{BE12C7A8-4879-4817-90DA-15F6792E2520}.Release|Any CPU.ActiveCfg = Release|Any CPU
		{BE12C7A8-4879-4817-90DA-15F6792E2520}.Release|Any CPU.Build.0 = Release|Any CPU
		{5E1B684F-991F-4D97-B57C-48603612A842}.Debug|Any CPU.ActiveCfg = Debug|Any CPU
		{5E1B684F-991F-4D97-B57C-48603612A842}.Debug|Any CPU.Build.0 = Debug|Any CPU
		{5E1B684F-991F-4D97-B57C-48603612A842}.Release|Any CPU.ActiveCfg = Release|Any CPU
		{5E1B684F-991F-4D97-B57C-48603612A842}.Release|Any CPU.Build.0 = Release|Any CPU
		{9C0C819D-A350-4157-BDE5-83CEB2B7FF39}.Debug|Any CPU.ActiveCfg = Debug|Any CPU
		{9C0C819D-A350-4157-BDE5-83CEB2B7FF39}.Debug|Any CPU.Build.0 = Debug|Any CPU
		{9C0C819D-A350-4157-BDE5-83CEB2B7FF39}.Release|Any CPU.ActiveCfg = Release|Any CPU
		{9C0C819D-A350-4157-BDE5-83CEB2B7FF39}.Release|Any CPU.Build.0 = Release|Any CPU
	EndGlobalSection
	GlobalSection(SolutionProperties) = preSolution
		HideSolutionNode = FALSE
	EndGlobalSection
	GlobalSection(ExtensibilityGlobals) = postSolution
		SolutionGuid = {DD9BE46E-AAE8-4967-95AE-1C44D738579F}
	EndGlobalSection
	GlobalSection(NestedProjects) = preSolution
		{A0164B80-FE10-4CB1-95F1-3E2B38E580E6} = {31BA9756-C657-45E4-AD7A-361FB90F3EB4}
		{EF60D7E7-EE33-467B-83EC-83D119F23AF2} = {1C2FD631-3D80-46A0-B10D-FB962041ACC7}
		{1C2FD631-3D80-46A0-B10D-FB962041ACC7} = {A0164B80-FE10-4CB1-95F1-3E2B38E580E6}
		{0AC0C9C4-D844-4521-9289-29651FD0F2BF} = {A0164B80-FE10-4CB1-95F1-3E2B38E580E6}
		{0849CED3-0E57-4C9E-BEDE-1A9336AEAEF4} = {A0164B80-FE10-4CB1-95F1-3E2B38E580E6}
		{02B485AE-D5DF-4CEB-BAF2-5ED437748FE8} = {A0164B80-FE10-4CB1-95F1-3E2B38E580E6}
		{65E49CE3-27A6-4E9A-AA3B-783557117956} = {0AC0C9C4-D844-4521-9289-29651FD0F2BF}
		{471699E7-DF5D-4A40-BF04-F108EC965216} = {02B485AE-D5DF-4CEB-BAF2-5ED437748FE8}
		{BE12C7A8-4879-4817-90DA-15F6792E2520} = {02B485AE-D5DF-4CEB-BAF2-5ED437748FE8}
		{5E1B684F-991F-4D97-B57C-48603612A842} = {0849CED3-0E57-4C9E-BEDE-1A9336AEAEF4}
		{335EE4B2-C563-4068-8255-3F88FA45F2E5} = {31BA9756-C657-45E4-AD7A-361FB90F3EB4}
		{9C0C819D-A350-4157-BDE5-83CEB2B7FF39} = {335EE4B2-C563-4068-8255-3F88FA45F2E5}
	EndGlobalSection
EndGlobal
