
Microsoft Visual Studio Solution File, Format Version 12.00
# Visual Studio Version 16
VisualStudioVersion = 25.0.1700.6
MinimumVisualStudioVersion = 10.0.40219.1
Project("{2150E333-8FDC-42A3-9474-1A3956D46DE8}") = "Services", "Services", "{31BA9756-C657-45E4-AD7A-361FB90F3EB4}"
EndProject
Project("{2150E333-8FDC-42A3-9474-1A3956D46DE8}") = "001-Catalog", "001-Catalog", "{A0164B80-FE10-4CB1-95F1-3E2B38E580E6}"
EndProject
Project("{FAE04EC0-301F-11D3-BF4B-00C04F79EFBC}") = "Catalog.Api", "Services\Catalog\Catalog.Api\Catalog.Api.csproj", "{EF60D7E7-EE33-467B-83EC-83D119F23AF2}"
EndProject
Project("{2150E333-8FDC-42A3-9474-1A3956D46DE8}") = "004-Endpoints", "004-Endpoints", "{1C2FD631-3D80-46A0-B10D-FB962041ACC7}"
EndProject
Project("{2150E333-8FDC-42A3-9474-1A3956D46DE8}") = "001-Core", "001-Core", "{0AC0C9C4-D844-4521-9289-29651FD0F2BF}"
EndProject
Project("{2150E333-8FDC-42A3-9474-1A3956D46DE8}") = "003-Services", "003-Services", "{0849CED3-0E57-4C9E-BEDE-1A9336AEAEF4}"
EndProject
Project("{2150E333-8FDC-42A3-9474-1A3956D46DE8}") = "002-Infrastructurs", "002-Infrastructurs", "{02B485AE-D5DF-4CEB-BAF2-5ED437748FE8}"
EndProject
Project("{FAE04EC0-301F-11D3-BF4B-00C04F79EFBC}") = "Catalog.Domains", "Services\Catalog\Catalog.Domains\Catalog.Domains.csproj", "{65E49CE3-27A6-4E9A-AA3B-783557117956}"
EndProject
Project("{FAE04EC0-301F-11D3-BF4B-00C04F79EFBC}") = "Catalog.DataAccessLayers", "Services\Catalog\Catalog.DataAccessLayers\Catalog.DataAccessLayers.csproj", "{471699E7-DF5D-4A40-BF04-F108EC965216}"
EndProject
Project("{FAE04EC0-301F-11D3-BF4B-00C04F79EFBC}") = "Catalog.Repositories", "Services\Catalog\Catalog.Repositories\Catalog.Repositories.csproj", "{BE12C7A8-4879-4817-90DA-15F6792E2520}"
EndProject
Project("{FAE04EC0-301F-11D3-BF4B-00C04F79EFBC}") = "Catalog.Services", "Services\Catalog\Catalog.Services\Catalog.Services.csproj", "{5E1B684F-991F-4D97-B57C-48603612A842}"
EndProject
Project("{2150E333-8FDC-42A3-9474-1A3956D46DE8}") = "000-Frameworks", "000-Frameworks", "{335EE4B2-C563-4068-8255-3F88FA45F2E5}"
EndProject
Project("{FAE04EC0-301F-11D3-BF4B-00C04F79EFBC}") = "aspnetrun-microservice.Frameworks", "Services\Frameworks\aspnetrun-microservice.Frameworks\aspnetrun-microservice.Frameworks.csproj", "{9C0C819D-A350-4157-BDE5-83CEB2B7FF39}"
EndProject
Project("{E53339B2-1760-4266-BCC7-CA923CBCF16C}") = "docker-compose", "docker-compose.dcproj", "{9E7CC287-D569-44A0-8B0E-D7EA0198C417}"
EndProject
Project("{2150E333-8FDC-42A3-9474-1A3956D46DE8}") = "002-Basket", "002-Basket", "{736D2413-AA9A-417E-9B5F-0C077E078137}"
EndProject
Project("{2150E333-8FDC-42A3-9474-1A3956D46DE8}") = "004-Endpoint", "004-Endpoint", "{71625E87-2ACC-4CFB-A030-298274601EF3}"
EndProject
Project("{2150E333-8FDC-42A3-9474-1A3956D46DE8}") = "003-Services", "003-Services", "{68A940C5-4553-4992-AE65-7F7664C13C99}"
EndProject
Project("{2150E333-8FDC-42A3-9474-1A3956D46DE8}") = "001-Core", "001-Core", "{B3D670B7-5275-4870-B33F-6E023DB4A3C8}"
EndProject
Project("{2150E333-8FDC-42A3-9474-1A3956D46DE8}") = "002-Infrastructure", "002-Infrastructure", "{FAA0F635-BE9C-4EF6-BC7F-4B6906CBAFD0}"
EndProject
Project("{FAE04EC0-301F-11D3-BF4B-00C04F79EFBC}") = "Basket.Api", "Services\Basket\Basket.Api\Basket.Api.csproj", "{09A66C50-1CA4-4969-B1B7-3701733013C0}"
EndProject
Project("{FAE04EC0-301F-11D3-BF4B-00C04F79EFBC}") = "Basket.Services", "Services\Basket\Basket.Services\Basket.Services.csproj", "{708E84BA-CDD3-4A7D-87E6-AEEA5AC7080E}"
EndProject
Project("{FAE04EC0-301F-11D3-BF4B-00C04F79EFBC}") = "Basket.DataAccessLayers", "Services\Basket\Basket.DataAccessLayers\Basket.DataAccessLayers.csproj", "{260B5B3A-232E-4563-98D9-28026AEAFBB9}"
EndProject
Project("{FAE04EC0-301F-11D3-BF4B-00C04F79EFBC}") = "Basket.Repositories", "Services\Basket\Basket.Repositories\Basket.Repositories.csproj", "{F918A710-ACA7-40E5-B7D5-3BF28B7F560B}"
EndProject
Project("{FAE04EC0-301F-11D3-BF4B-00C04F79EFBC}") = "Basket.Domain", "Services\Basket\Basket.Domain\Basket.Domain.csproj", "{82C12F82-F2EB-41EF-84FE-8E224AE2201B}"
EndProject
Project("{2150E333-8FDC-42A3-9474-1A3956D46DE8}") = "003-Discount", "003-Discount", "{31113D44-5E87-48FF-A841-5834110F65B5}"
EndProject
Project("{2150E333-8FDC-42A3-9474-1A3956D46DE8}") = "004-Endpoints", "004-Endpoints", "{374BEEFE-A22A-425B-8448-794FE136182B}"
EndProject
Project("{2150E333-8FDC-42A3-9474-1A3956D46DE8}") = "003-Services", "003-Services", "{6130472C-130B-4168-A9C3-1D7D1D5D4321}"
EndProject
Project("{2150E333-8FDC-42A3-9474-1A3956D46DE8}") = "001-Core", "001-Core", "{E97B3C9C-9A64-47C6-BD16-7804B5E390CC}"
EndProject
Project("{2150E333-8FDC-42A3-9474-1A3956D46DE8}") = "002-Infrastructures", "002-Infrastructures", "{39684522-8D81-48B1-B817-371EE45F802A}"
EndProject
Project("{FAE04EC0-301F-11D3-BF4B-00C04F79EFBC}") = "Discount.Api", "Services\Discount\Discount.Api\Discount.Api.csproj", "{12A3447B-DA41-4C52-BC90-47667441F392}"
EndProject
Project("{FAE04EC0-301F-11D3-BF4B-00C04F79EFBC}") = "Discount.Services", "Services\Discount\Discount.Services\Discount.Services.csproj", "{84DB48ED-8788-4C17-B464-1EF31332BCF7}"
EndProject
Project("{FAE04EC0-301F-11D3-BF4B-00C04F79EFBC}") = "Discount.DataAccessLayers", "Services\Discount\Discount.DataAccessLayers\Discount.DataAccessLayers.csproj", "{9B614D7E-1264-4C9B-A8DB-1648E382ABB0}"
EndProject
Project("{FAE04EC0-301F-11D3-BF4B-00C04F79EFBC}") = "Discount.Repositories", "Services\Discount\Discount.Repositories\Discount.Repositories.csproj", "{447BE882-1A41-45FE-B643-1095E5A103A2}"
EndProject
Project("{FAE04EC0-301F-11D3-BF4B-00C04F79EFBC}") = "Discount.Domains", "Services\Discount\Discount.Domains\Discount.Domains.csproj", "{7F83269E-64EB-432C-8484-78600835888D}"
EndProject
Project("{FAE04EC0-301F-11D3-BF4B-00C04F79EFBC}") = "Discount.Grpc", "Services\Discount\Discount.Grpc\Discount.Grpc.csproj", "{7ED696F3-12D4-496B-BB68-E2B8A4111592}"
EndProject
Project("{2150E333-8FDC-42A3-9474-1A3956D46DE8}") = "004-Order", "004-Order", "{02E8108B-3BB7-45E5-999A-BAFDC492DE90}"
EndProject
Project("{2150E333-8FDC-42A3-9474-1A3956D46DE8}") = "004-Endpoints", "004-Endpoints", "{E3B3C86E-5BEA-4758-B09F-AD852DD320E5}"
EndProject
Project("{2150E333-8FDC-42A3-9474-1A3956D46DE8}") = "003-Services", "003-Services", "{E731E179-3D77-4627-BFEA-68FAB295042B}"
EndProject
Project("{2150E333-8FDC-42A3-9474-1A3956D46DE8}") = "001-Core", "001-Core", "{7449DD84-C7C7-46C8-BBB4-3E10BE2A5BBE}"
EndProject
Project("{2150E333-8FDC-42A3-9474-1A3956D46DE8}") = "002-Infrastructures", "002-Infrastructures", "{F624EFEF-7476-4FF6-8C9D-23C14D31A9CB}"
EndProject
Project("{FAE04EC0-301F-11D3-BF4B-00C04F79EFBC}") = "Order.Domains", "Services\Order\Order.Domains\Order.Domains.csproj", "{B878693C-4C15-4C37-B379-5FD70FCB4006}"
EndProject
Project("{FAE04EC0-301F-11D3-BF4B-00C04F79EFBC}") = "Order.DataAccessLayers", "Services\Order\Order.DataAccessLayers\Order.DataAccessLayers.csproj", "{77F85EB2-CB4E-42A3-90CB-D9BA13440011}"
EndProject
Project("{FAE04EC0-301F-11D3-BF4B-00C04F79EFBC}") = "Order.Repositories", "Services\Order\Order.Repositories\Order.Repositories.csproj", "{723EFBA6-99A8-4C47-8D6E-92176BCE1966}"
EndProject
Project("{FAE04EC0-301F-11D3-BF4B-00C04F79EFBC}") = "Order.Services", "Services\Order\Order.Services\Order.Services.csproj", "{CB80725B-4140-4DDE-B9A9-63DF8DDC663C}"
EndProject
Project("{FAE04EC0-301F-11D3-BF4B-00C04F79EFBC}") = "Order.Api", "Services\Order\Order.Api\Order.Api.csproj", "{F8F498D6-D18F-40F5-93F5-75B14B671397}"
EndProject
Global
	GlobalSection(SolutionConfigurationPlatforms) = preSolution
		Debug|Any CPU = Debug|Any CPU
		Release|Any CPU = Release|Any CPU
	EndGlobalSection
	GlobalSection(ProjectConfigurationPlatforms) = postSolution
		{EF60D7E7-EE33-467B-83EC-83D119F23AF2}.Debug|Any CPU.ActiveCfg = Debug|Any CPU
		{EF60D7E7-EE33-467B-83EC-83D119F23AF2}.Debug|Any CPU.Build.0 = Debug|Any CPU
		{EF60D7E7-EE33-467B-83EC-83D119F23AF2}.Release|Any CPU.ActiveCfg = Release|Any CPU
		{EF60D7E7-EE33-467B-83EC-83D119F23AF2}.Release|Any CPU.Build.0 = Release|Any CPU
		{65E49CE3-27A6-4E9A-AA3B-783557117956}.Debug|Any CPU.ActiveCfg = Debug|Any CPU
		{65E49CE3-27A6-4E9A-AA3B-783557117956}.Debug|Any CPU.Build.0 = Debug|Any CPU
		{65E49CE3-27A6-4E9A-AA3B-783557117956}.Release|Any CPU.ActiveCfg = Release|Any CPU
		{65E49CE3-27A6-4E9A-AA3B-783557117956}.Release|Any CPU.Build.0 = Release|Any CPU
		{471699E7-DF5D-4A40-BF04-F108EC965216}.Debug|Any CPU.ActiveCfg = Debug|Any CPU
		{471699E7-DF5D-4A40-BF04-F108EC965216}.Debug|Any CPU.Build.0 = Debug|Any CPU
		{471699E7-DF5D-4A40-BF04-F108EC965216}.Release|Any CPU.ActiveCfg = Release|Any CPU
		{471699E7-DF5D-4A40-BF04-F108EC965216}.Release|Any CPU.Build.0 = Release|Any CPU
		{BE12C7A8-4879-4817-90DA-15F6792E2520}.Debug|Any CPU.ActiveCfg = Debug|Any CPU
		{BE12C7A8-4879-4817-90DA-15F6792E2520}.Debug|Any CPU.Build.0 = Debug|Any CPU
		{BE12C7A8-4879-4817-90DA-15F6792E2520}.Release|Any CPU.ActiveCfg = Release|Any CPU
		{BE12C7A8-4879-4817-90DA-15F6792E2520}.Release|Any CPU.Build.0 = Release|Any CPU
		{5E1B684F-991F-4D97-B57C-48603612A842}.Debug|Any CPU.ActiveCfg = Debug|Any CPU
		{5E1B684F-991F-4D97-B57C-48603612A842}.Debug|Any CPU.Build.0 = Debug|Any CPU
		{5E1B684F-991F-4D97-B57C-48603612A842}.Release|Any CPU.ActiveCfg = Release|Any CPU
		{5E1B684F-991F-4D97-B57C-48603612A842}.Release|Any CPU.Build.0 = Release|Any CPU
		{9C0C819D-A350-4157-BDE5-83CEB2B7FF39}.Debug|Any CPU.ActiveCfg = Debug|Any CPU
		{9C0C819D-A350-4157-BDE5-83CEB2B7FF39}.Debug|Any CPU.Build.0 = Debug|Any CPU
		{9C0C819D-A350-4157-BDE5-83CEB2B7FF39}.Release|Any CPU.ActiveCfg = Release|Any CPU
		{9C0C819D-A350-4157-BDE5-83CEB2B7FF39}.Release|Any CPU.Build.0 = Release|Any CPU
		{9E7CC287-D569-44A0-8B0E-D7EA0198C417}.Debug|Any CPU.ActiveCfg = Debug|Any CPU
		{9E7CC287-D569-44A0-8B0E-D7EA0198C417}.Debug|Any CPU.Build.0 = Debug|Any CPU
		{9E7CC287-D569-44A0-8B0E-D7EA0198C417}.Release|Any CPU.ActiveCfg = Release|Any CPU
		{9E7CC287-D569-44A0-8B0E-D7EA0198C417}.Release|Any CPU.Build.0 = Release|Any CPU
		{09A66C50-1CA4-4969-B1B7-3701733013C0}.Debug|Any CPU.ActiveCfg = Debug|Any CPU
		{09A66C50-1CA4-4969-B1B7-3701733013C0}.Debug|Any CPU.Build.0 = Debug|Any CPU
		{09A66C50-1CA4-4969-B1B7-3701733013C0}.Release|Any CPU.ActiveCfg = Release|Any CPU
		{09A66C50-1CA4-4969-B1B7-3701733013C0}.Release|Any CPU.Build.0 = Release|Any CPU
		{708E84BA-CDD3-4A7D-87E6-AEEA5AC7080E}.Debug|Any CPU.ActiveCfg = Debug|Any CPU
		{708E84BA-CDD3-4A7D-87E6-AEEA5AC7080E}.Debug|Any CPU.Build.0 = Debug|Any CPU
		{708E84BA-CDD3-4A7D-87E6-AEEA5AC7080E}.Release|Any CPU.ActiveCfg = Release|Any CPU
		{708E84BA-CDD3-4A7D-87E6-AEEA5AC7080E}.Release|Any CPU.Build.0 = Release|Any CPU
		{260B5B3A-232E-4563-98D9-28026AEAFBB9}.Debug|Any CPU.ActiveCfg = Debug|Any CPU
		{260B5B3A-232E-4563-98D9-28026AEAFBB9}.Debug|Any CPU.Build.0 = Debug|Any CPU
		{260B5B3A-232E-4563-98D9-28026AEAFBB9}.Release|Any CPU.ActiveCfg = Release|Any CPU
		{260B5B3A-232E-4563-98D9-28026AEAFBB9}.Release|Any CPU.Build.0 = Release|Any CPU
		{F918A710-ACA7-40E5-B7D5-3BF28B7F560B}.Debug|Any CPU.ActiveCfg = Debug|Any CPU
		{F918A710-ACA7-40E5-B7D5-3BF28B7F560B}.Debug|Any CPU.Build.0 = Debug|Any CPU
		{F918A710-ACA7-40E5-B7D5-3BF28B7F560B}.Release|Any CPU.ActiveCfg = Release|Any CPU
		{F918A710-ACA7-40E5-B7D5-3BF28B7F560B}.Release|Any CPU.Build.0 = Release|Any CPU
		{82C12F82-F2EB-41EF-84FE-8E224AE2201B}.Debug|Any CPU.ActiveCfg = Debug|Any CPU
		{82C12F82-F2EB-41EF-84FE-8E224AE2201B}.Debug|Any CPU.Build.0 = Debug|Any CPU
		{82C12F82-F2EB-41EF-84FE-8E224AE2201B}.Release|Any CPU.ActiveCfg = Release|Any CPU
		{82C12F82-F2EB-41EF-84FE-8E224AE2201B}.Release|Any CPU.Build.0 = Release|Any CPU
		{12A3447B-DA41-4C52-BC90-47667441F392}.Debug|Any CPU.ActiveCfg = Debug|Any CPU
		{12A3447B-DA41-4C52-BC90-47667441F392}.Debug|Any CPU.Build.0 = Debug|Any CPU
		{12A3447B-DA41-4C52-BC90-47667441F392}.Release|Any CPU.ActiveCfg = Release|Any CPU
		{12A3447B-DA41-4C52-BC90-47667441F392}.Release|Any CPU.Build.0 = Release|Any CPU
		{84DB48ED-8788-4C17-B464-1EF31332BCF7}.Debug|Any CPU.ActiveCfg = Debug|Any CPU
		{84DB48ED-8788-4C17-B464-1EF31332BCF7}.Debug|Any CPU.Build.0 = Debug|Any CPU
		{84DB48ED-8788-4C17-B464-1EF31332BCF7}.Release|Any CPU.ActiveCfg = Release|Any CPU
		{84DB48ED-8788-4C17-B464-1EF31332BCF7}.Release|Any CPU.Build.0 = Release|Any CPU
		{9B614D7E-1264-4C9B-A8DB-1648E382ABB0}.Debug|Any CPU.ActiveCfg = Debug|Any CPU
		{9B614D7E-1264-4C9B-A8DB-1648E382ABB0}.Debug|Any CPU.Build.0 = Debug|Any CPU
		{9B614D7E-1264-4C9B-A8DB-1648E382ABB0}.Release|Any CPU.ActiveCfg = Release|Any CPU
		{9B614D7E-1264-4C9B-A8DB-1648E382ABB0}.Release|Any CPU.Build.0 = Release|Any CPU
		{447BE882-1A41-45FE-B643-1095E5A103A2}.Debug|Any CPU.ActiveCfg = Debug|Any CPU
		{447BE882-1A41-45FE-B643-1095E5A103A2}.Debug|Any CPU.Build.0 = Debug|Any CPU
		{447BE882-1A41-45FE-B643-1095E5A103A2}.Release|Any CPU.ActiveCfg = Release|Any CPU
		{447BE882-1A41-45FE-B643-1095E5A103A2}.Release|Any CPU.Build.0 = Release|Any CPU
		{7F83269E-64EB-432C-8484-78600835888D}.Debug|Any CPU.ActiveCfg = Debug|Any CPU
		{7F83269E-64EB-432C-8484-78600835888D}.Debug|Any CPU.Build.0 = Debug|Any CPU
		{7F83269E-64EB-432C-8484-78600835888D}.Release|Any CPU.ActiveCfg = Release|Any CPU
		{7F83269E-64EB-432C-8484-78600835888D}.Release|Any CPU.Build.0 = Release|Any CPU
		{7ED696F3-12D4-496B-BB68-E2B8A4111592}.Debug|Any CPU.ActiveCfg = Debug|Any CPU
		{7ED696F3-12D4-496B-BB68-E2B8A4111592}.Debug|Any CPU.Build.0 = Debug|Any CPU
		{7ED696F3-12D4-496B-BB68-E2B8A4111592}.Release|Any CPU.ActiveCfg = Release|Any CPU
		{7ED696F3-12D4-496B-BB68-E2B8A4111592}.Release|Any CPU.Build.0 = Release|Any CPU
		{B878693C-4C15-4C37-B379-5FD70FCB4006}.Debug|Any CPU.ActiveCfg = Debug|Any CPU
		{B878693C-4C15-4C37-B379-5FD70FCB4006}.Debug|Any CPU.Build.0 = Debug|Any CPU
		{B878693C-4C15-4C37-B379-5FD70FCB4006}.Release|Any CPU.ActiveCfg = Release|Any CPU
		{B878693C-4C15-4C37-B379-5FD70FCB4006}.Release|Any CPU.Build.0 = Release|Any CPU
		{77F85EB2-CB4E-42A3-90CB-D9BA13440011}.Debug|Any CPU.ActiveCfg = Debug|Any CPU
		{77F85EB2-CB4E-42A3-90CB-D9BA13440011}.Debug|Any CPU.Build.0 = Debug|Any CPU
		{77F85EB2-CB4E-42A3-90CB-D9BA13440011}.Release|Any CPU.ActiveCfg = Release|Any CPU
		{77F85EB2-CB4E-42A3-90CB-D9BA13440011}.Release|Any CPU.Build.0 = Release|Any CPU
		{723EFBA6-99A8-4C47-8D6E-92176BCE1966}.Debug|Any CPU.ActiveCfg = Debug|Any CPU
		{723EFBA6-99A8-4C47-8D6E-92176BCE1966}.Debug|Any CPU.Build.0 = Debug|Any CPU
		{723EFBA6-99A8-4C47-8D6E-92176BCE1966}.Release|Any CPU.ActiveCfg = Release|Any CPU
		{723EFBA6-99A8-4C47-8D6E-92176BCE1966}.Release|Any CPU.Build.0 = Release|Any CPU
		{CB80725B-4140-4DDE-B9A9-63DF8DDC663C}.Debug|Any CPU.ActiveCfg = Debug|Any CPU
		{CB80725B-4140-4DDE-B9A9-63DF8DDC663C}.Debug|Any CPU.Build.0 = Debug|Any CPU
		{CB80725B-4140-4DDE-B9A9-63DF8DDC663C}.Release|Any CPU.ActiveCfg = Release|Any CPU
		{CB80725B-4140-4DDE-B9A9-63DF8DDC663C}.Release|Any CPU.Build.0 = Release|Any CPU
		{F8F498D6-D18F-40F5-93F5-75B14B671397}.Debug|Any CPU.ActiveCfg = Debug|Any CPU
		{F8F498D6-D18F-40F5-93F5-75B14B671397}.Debug|Any CPU.Build.0 = Debug|Any CPU
		{F8F498D6-D18F-40F5-93F5-75B14B671397}.Release|Any CPU.ActiveCfg = Release|Any CPU
		{F8F498D6-D18F-40F5-93F5-75B14B671397}.Release|Any CPU.Build.0 = Release|Any CPU
	EndGlobalSection
	GlobalSection(SolutionProperties) = preSolution
		HideSolutionNode = FALSE
	EndGlobalSection
	GlobalSection(ExtensibilityGlobals) = postSolution
		SolutionGuid = {DD9BE46E-AAE8-4967-95AE-1C44D738579F}
	EndGlobalSection
	GlobalSection(NestedProjects) = preSolution
		{A0164B80-FE10-4CB1-95F1-3E2B38E580E6} = {31BA9756-C657-45E4-AD7A-361FB90F3EB4}
		{EF60D7E7-EE33-467B-83EC-83D119F23AF2} = {1C2FD631-3D80-46A0-B10D-FB962041ACC7}
		{1C2FD631-3D80-46A0-B10D-FB962041ACC7} = {A0164B80-FE10-4CB1-95F1-3E2B38E580E6}
		{0AC0C9C4-D844-4521-9289-29651FD0F2BF} = {A0164B80-FE10-4CB1-95F1-3E2B38E580E6}
		{0849CED3-0E57-4C9E-BEDE-1A9336AEAEF4} = {A0164B80-FE10-4CB1-95F1-3E2B38E580E6}
		{02B485AE-D5DF-4CEB-BAF2-5ED437748FE8} = {A0164B80-FE10-4CB1-95F1-3E2B38E580E6}
		{65E49CE3-27A6-4E9A-AA3B-783557117956} = {0AC0C9C4-D844-4521-9289-29651FD0F2BF}
		{471699E7-DF5D-4A40-BF04-F108EC965216} = {02B485AE-D5DF-4CEB-BAF2-5ED437748FE8}
		{BE12C7A8-4879-4817-90DA-15F6792E2520} = {02B485AE-D5DF-4CEB-BAF2-5ED437748FE8}
		{5E1B684F-991F-4D97-B57C-48603612A842} = {0849CED3-0E57-4C9E-BEDE-1A9336AEAEF4}
		{335EE4B2-C563-4068-8255-3F88FA45F2E5} = {31BA9756-C657-45E4-AD7A-361FB90F3EB4}
		{9C0C819D-A350-4157-BDE5-83CEB2B7FF39} = {335EE4B2-C563-4068-8255-3F88FA45F2E5}
		{736D2413-AA9A-417E-9B5F-0C077E078137} = {31BA9756-C657-45E4-AD7A-361FB90F3EB4}
		{71625E87-2ACC-4CFB-A030-298274601EF3} = {736D2413-AA9A-417E-9B5F-0C077E078137}
		{68A940C5-4553-4992-AE65-7F7664C13C99} = {736D2413-AA9A-417E-9B5F-0C077E078137}
		{B3D670B7-5275-4870-B33F-6E023DB4A3C8} = {736D2413-AA9A-417E-9B5F-0C077E078137}
		{FAA0F635-BE9C-4EF6-BC7F-4B6906CBAFD0} = {736D2413-AA9A-417E-9B5F-0C077E078137}
		{09A66C50-1CA4-4969-B1B7-3701733013C0} = {71625E87-2ACC-4CFB-A030-298274601EF3}
		{708E84BA-CDD3-4A7D-87E6-AEEA5AC7080E} = {68A940C5-4553-4992-AE65-7F7664C13C99}
		{260B5B3A-232E-4563-98D9-28026AEAFBB9} = {FAA0F635-BE9C-4EF6-BC7F-4B6906CBAFD0}
		{F918A710-ACA7-40E5-B7D5-3BF28B7F560B} = {FAA0F635-BE9C-4EF6-BC7F-4B6906CBAFD0}
		{82C12F82-F2EB-41EF-84FE-8E224AE2201B} = {B3D670B7-5275-4870-B33F-6E023DB4A3C8}
		{31113D44-5E87-48FF-A841-5834110F65B5} = {31BA9756-C657-45E4-AD7A-361FB90F3EB4}
		{374BEEFE-A22A-425B-8448-794FE136182B} = {31113D44-5E87-48FF-A841-5834110F65B5}
		{6130472C-130B-4168-A9C3-1D7D1D5D4321} = {31113D44-5E87-48FF-A841-5834110F65B5}
		{E97B3C9C-9A64-47C6-BD16-7804B5E390CC} = {31113D44-5E87-48FF-A841-5834110F65B5}
		{39684522-8D81-48B1-B817-371EE45F802A} = {31113D44-5E87-48FF-A841-5834110F65B5}
		{12A3447B-DA41-4C52-BC90-47667441F392} = {374BEEFE-A22A-425B-8448-794FE136182B}
		{84DB48ED-8788-4C17-B464-1EF31332BCF7} = {6130472C-130B-4168-A9C3-1D7D1D5D4321}
		{9B614D7E-1264-4C9B-A8DB-1648E382ABB0} = {39684522-8D81-48B1-B817-371EE45F802A}
		{447BE882-1A41-45FE-B643-1095E5A103A2} = {39684522-8D81-48B1-B817-371EE45F802A}
		{7F83269E-64EB-432C-8484-78600835888D} = {E97B3C9C-9A64-47C6-BD16-7804B5E390CC}
		{7ED696F3-12D4-496B-BB68-E2B8A4111592} = {374BEEFE-A22A-425B-8448-794FE136182B}
		{02E8108B-3BB7-45E5-999A-BAFDC492DE90} = {31BA9756-C657-45E4-AD7A-361FB90F3EB4}
		{E3B3C86E-5BEA-4758-B09F-AD852DD320E5} = {02E8108B-3BB7-45E5-999A-BAFDC492DE90}
		{E731E179-3D77-4627-BFEA-68FAB295042B} = {02E8108B-3BB7-45E5-999A-BAFDC492DE90}
		{7449DD84-C7C7-46C8-BBB4-3E10BE2A5BBE} = {02E8108B-3BB7-45E5-999A-BAFDC492DE90}
		{F624EFEF-7476-4FF6-8C9D-23C14D31A9CB} = {02E8108B-3BB7-45E5-999A-BAFDC492DE90}
		{B878693C-4C15-4C37-B379-5FD70FCB4006} = {7449DD84-C7C7-46C8-BBB4-3E10BE2A5BBE}
		{77F85EB2-CB4E-42A3-90CB-D9BA13440011} = {F624EFEF-7476-4FF6-8C9D-23C14D31A9CB}
		{723EFBA6-99A8-4C47-8D6E-92176BCE1966} = {F624EFEF-7476-4FF6-8C9D-23C14D31A9CB}
		{CB80725B-4140-4DDE-B9A9-63DF8DDC663C} = {E731E179-3D77-4627-BFEA-68FAB295042B}
		{F8F498D6-D18F-40F5-93F5-75B14B671397} = {E3B3C86E-5BEA-4758-B09F-AD852DD320E5}
	EndGlobalSection
EndGlobal
